Microsoft Visual Studio Solution File, Format Version 12.00
# Visual Studio Version 17
VisualStudioVersion = 17.5.2.0
MinimumVisualStudioVersion = 10.0.40219.1
Project("{FAE04EC0-301F-11D3-BF4B-00C04F79EFBC}") = "MeterManager", "MeterManager.csproj", "{50EE83C5-94ED-9F44-9603-0E4ADEDC183D}"
EndProject
Global
	GlobalSection(SolutionConfigurationPlatforms) = preSolution
		Debug|Any CPU = Debug|Any CPU
		Release|Any CPU = Release|Any CPU
	EndGlobalSection
	GlobalSection(ProjectConfigurationPlatforms) = postSolution
		{50EE83C5-94ED-9F44-9603-0E4ADEDC183D}.Debug|Any CPU.ActiveCfg = Debug|Any CPU
		{50EE83C5-94ED-9F44-9603-0E4ADEDC183D}.Debug|Any CPU.Build.0 = Debug|Any CPU
		{50EE83C5-94ED-9F44-9603-0E4ADEDC183D}.Release|Any CPU.ActiveCfg = Release|Any CPU
		{50EE83C5-94ED-9F44-9603-0E4ADEDC183D}.Release|Any CPU.Build.0 = Release|Any CPU
	EndGlobalSection
	GlobalSection(SolutionProperties) = preSolution
		HideSolutionNode = FALSE
	EndGlobalSection
	GlobalSection(ExtensibilityGlobals) = postSolution
		SolutionGuid = {AF36703F-AE4A-47DF-B939-2C393927DA82}
	EndGlobalSection
EndGlobal
